
Microsoft Visual Studio Solution File, Format Version 12.00
Project("{FAE04EC0-301F-11D3-BF4B-00C04F79EFBC}") = "DotNest.Core.SDK.Web", "src\DotNest.Core.SDK.Web\DotNest.Core.SDK.Web.csproj", "{FAF3E020-A5DF-4A6C-ACAF-FFB8303F6138}"
EndProject
Project("{2150E333-8FDC-42A3-9474-1A3956D46DE8}") = "src", "src", "{FA1C15E4-1C51-4337-93B9-11F7A41C6A0D}"
EndProject
Project("{2150E333-8FDC-42A3-9474-1A3956D46DE8}") = "Theme", "Theme", "{7FD0F4EE-AFEA-4302-81FC-3EF45BC7C014}"
EndProject
Project("{2150E333-8FDC-42A3-9474-1A3956D46DE8}") = "ThirdParty", "ThirdParty", "{BF72F24E-431C-4C33-9E65-D8CCAC45AA0A}"
EndProject
Project("{FAE04EC0-301F-11D3-BF4B-00C04F79EFBC}") = "TheBootstrapTheme", "src\Theme\ThirdParty\TheBootstrapTheme\TheBootstrapTheme.csproj", "{3F67C3D0-E8E6-487E-A370-A40B2E57CF82}"
EndProject
Project("{FAE04EC0-301F-11D3-BF4B-00C04F79EFBC}") = "TheClassLessTheme", "src\Theme\ThirdParty\TheClassLessTheme\TheClassLessTheme.csproj", "{B1434E04-0E76-4F40-8958-0C6CFADC2B94}"
EndProject
Project("{FAE04EC0-301F-11D3-BF4B-00C04F79EFBC}") = "TheResumeTheme", "src\Theme\ThirdParty\TheResumeTheme\TheResumeTheme.csproj", "{592EBFA5-0ED5-4B45-BE33-8ACB55958BA4}"
EndProject
Global
	GlobalSection(SolutionConfigurationPlatforms) = preSolution
		Debug|Any CPU = Debug|Any CPU
		Release|Any CPU = Release|Any CPU
	EndGlobalSection
	GlobalSection(ProjectConfigurationPlatforms) = postSolution
		{FAF3E020-A5DF-4A6C-ACAF-FFB8303F6138}.Debug|Any CPU.ActiveCfg = Debug|Any CPU
		{FAF3E020-A5DF-4A6C-ACAF-FFB8303F6138}.Debug|Any CPU.Build.0 = Debug|Any CPU
		{FAF3E020-A5DF-4A6C-ACAF-FFB8303F6138}.Release|Any CPU.ActiveCfg = Release|Any CPU
		{FAF3E020-A5DF-4A6C-ACAF-FFB8303F6138}.Release|Any CPU.Build.0 = Release|Any CPU
		{3F67C3D0-E8E6-487E-A370-A40B2E57CF82}.Debug|Any CPU.ActiveCfg = Debug|Any CPU
		{3F67C3D0-E8E6-487E-A370-A40B2E57CF82}.Debug|Any CPU.Build.0 = Debug|Any CPU
		{3F67C3D0-E8E6-487E-A370-A40B2E57CF82}.Release|Any CPU.ActiveCfg = Release|Any CPU
		{3F67C3D0-E8E6-487E-A370-A40B2E57CF82}.Release|Any CPU.Build.0 = Release|Any CPU
		{B1434E04-0E76-4F40-8958-0C6CFADC2B94}.Debug|Any CPU.ActiveCfg = Debug|Any CPU
		{B1434E04-0E76-4F40-8958-0C6CFADC2B94}.Debug|Any CPU.Build.0 = Debug|Any CPU
		{B1434E04-0E76-4F40-8958-0C6CFADC2B94}.Release|Any CPU.ActiveCfg = Release|Any CPU
		{B1434E04-0E76-4F40-8958-0C6CFADC2B94}.Release|Any CPU.Build.0 = Release|Any CPU
		{592EBFA5-0ED5-4B45-BE33-8ACB55958BA4}.Debug|Any CPU.ActiveCfg = Debug|Any CPU
		{592EBFA5-0ED5-4B45-BE33-8ACB55958BA4}.Debug|Any CPU.Build.0 = Debug|Any CPU
		{592EBFA5-0ED5-4B45-BE33-8ACB55958BA4}.Release|Any CPU.ActiveCfg = Release|Any CPU
		{592EBFA5-0ED5-4B45-BE33-8ACB55958BA4}.Release|Any CPU.Build.0 = Release|Any CPU
	EndGlobalSection
	GlobalSection(NestedProjects) = preSolution
		{7FD0F4EE-AFEA-4302-81FC-3EF45BC7C014} = {FA1C15E4-1C51-4337-93B9-11F7A41C6A0D}
		{FAF3E020-A5DF-4A6C-ACAF-FFB8303F6138} = {FA1C15E4-1C51-4337-93B9-11F7A41C6A0D}
		{BF72F24E-431C-4C33-9E65-D8CCAC45AA0A} = {7FD0F4EE-AFEA-4302-81FC-3EF45BC7C014}
		{3F67C3D0-E8E6-487E-A370-A40B2E57CF82} = {BF72F24E-431C-4C33-9E65-D8CCAC45AA0A}
		{B1434E04-0E76-4F40-8958-0C6CFADC2B94} = {BF72F24E-431C-4C33-9E65-D8CCAC45AA0A}
		{592EBFA5-0ED5-4B45-BE33-8ACB55958BA4} = {BF72F24E-431C-4C33-9E65-D8CCAC45AA0A}
	EndGlobalSection
EndGlobal
