
Microsoft Visual Studio Solution File, Format Version 12.00
Project("{2150E333-8FDC-42A3-9474-1A3956D46DE8}") = "src", "src", "{707EEA9F-5777-4820-8CC1-7AE8A2EA355F}"
EndProject
Project("{2150E333-8FDC-42A3-9474-1A3956D46DE8}") = "Themes", "Themes", "{3BA053C3-7B1E-4FF3-90E8-ACE1C03C87A8}"
EndProject
Project("{2150E333-8FDC-42A3-9474-1A3956D46DE8}") = "ThirdParty", "ThirdParty", "{3A23A855-F3E1-48E4-90A5-CE7F0A9385EA}"
EndProject
Project("{2150E333-8FDC-42A3-9474-1A3956D46DE8}") = "Modules", "Modules", "{E067EAD6-6F1C-4549-A471-9BD16199CDE1}"
EndProject
Project("{FAE04EC0-301F-11D3-BF4B-00C04F79EFBC}") = "DotNest.Core.SDK.Web", "src\DotNest.Core.SDK.Web\DotNest.Core.SDK.Web.csproj", "{54F13D67-BBF1-4EDC-BD79-1A16885EEAEA}"
EndProject
Project("{FAE04EC0-301F-11D3-BF4B-00C04F79EFBC}") = "TheBootstrapTheme", "src\Themes\ThirdParty\TheBootstrapTheme\TheBootstrapTheme.csproj", "{AE8466FF-6331-4873-97F3-4DF3E80B07A7}"
EndProject
Project("{FAE04EC0-301F-11D3-BF4B-00C04F79EFBC}") = "TheClassLessTheme", "src\Themes\ThirdParty\TheClassLessTheme\TheClassLessTheme.csproj", "{A47D2974-DE17-4613-B573-E69C6D2A848E}"
EndProject
Project("{FAE04EC0-301F-11D3-BF4B-00C04F79EFBC}") = "TheResumeTheme", "src\Themes\ThirdParty\TheResumeTheme\TheResumeTheme.csproj", "{C5DE2927-DFD6-4546-8CBB-5D06F1516321}"
EndProject
Project("{FAE04EC0-301F-11D3-BF4B-00C04F79EFBC}") = "Lombiq.BaseTheme", "src\Themes\Lombiq.BaseTheme\Lombiq.BaseTheme.csproj", "{48EA9953-E330-41BF-ABEA-015B826AA55A}"
EndProject
Project("{2150E333-8FDC-42A3-9474-1A3956D46DE8}") = "Utilities", "Utilities", "{532F8D0C-8F6F-4B5C-900C-35DA70F263CA}"
EndProject
Project("{FAE04EC0-301F-11D3-BF4B-00C04F79EFBC}") = "Lombiq.Gulp.Extensions", "src\Utilities\Lombiq.Gulp.Extensions\Lombiq.Gulp.Extensions.csproj", "{5BA40285-0E89-48DD-8D24-0D25A05835A3}"
EndProject
Global
	GlobalSection(SolutionConfigurationPlatforms) = preSolution
		Debug|Any CPU = Debug|Any CPU
		Release|Any CPU = Release|Any CPU
	EndGlobalSection
	GlobalSection(NestedProjects) = preSolution
		{3BA053C3-7B1E-4FF3-90E8-ACE1C03C87A8} = {707EEA9F-5777-4820-8CC1-7AE8A2EA355F}
		{3A23A855-F3E1-48E4-90A5-CE7F0A9385EA} = {3BA053C3-7B1E-4FF3-90E8-ACE1C03C87A8}
		{E067EAD6-6F1C-4549-A471-9BD16199CDE1} = {707EEA9F-5777-4820-8CC1-7AE8A2EA355F}
		{54F13D67-BBF1-4EDC-BD79-1A16885EEAEA} = {707EEA9F-5777-4820-8CC1-7AE8A2EA355F}
		{AE8466FF-6331-4873-97F3-4DF3E80B07A7} = {3A23A855-F3E1-48E4-90A5-CE7F0A9385EA}
		{A47D2974-DE17-4613-B573-E69C6D2A848E} = {3A23A855-F3E1-48E4-90A5-CE7F0A9385EA}
		{C5DE2927-DFD6-4546-8CBB-5D06F1516321} = {3A23A855-F3E1-48E4-90A5-CE7F0A9385EA}
		{48EA9953-E330-41BF-ABEA-015B826AA55A} = {3BA053C3-7B1E-4FF3-90E8-ACE1C03C87A8}
		{532F8D0C-8F6F-4B5C-900C-35DA70F263CA} = {707EEA9F-5777-4820-8CC1-7AE8A2EA355F}
		{5BA40285-0E89-48DD-8D24-0D25A05835A3} = {532F8D0C-8F6F-4B5C-900C-35DA70F263CA}
	EndGlobalSection
	GlobalSection(ProjectConfigurationPlatforms) = postSolution
		{54F13D67-BBF1-4EDC-BD79-1A16885EEAEA}.Debug|Any CPU.ActiveCfg = Debug|Any CPU
		{54F13D67-BBF1-4EDC-BD79-1A16885EEAEA}.Debug|Any CPU.Build.0 = Debug|Any CPU
		{54F13D67-BBF1-4EDC-BD79-1A16885EEAEA}.Release|Any CPU.ActiveCfg = Release|Any CPU
		{54F13D67-BBF1-4EDC-BD79-1A16885EEAEA}.Release|Any CPU.Build.0 = Release|Any CPU
		{AE8466FF-6331-4873-97F3-4DF3E80B07A7}.Debug|Any CPU.ActiveCfg = Debug|Any CPU
		{AE8466FF-6331-4873-97F3-4DF3E80B07A7}.Debug|Any CPU.Build.0 = Debug|Any CPU
		{AE8466FF-6331-4873-97F3-4DF3E80B07A7}.Release|Any CPU.ActiveCfg = Release|Any CPU
		{AE8466FF-6331-4873-97F3-4DF3E80B07A7}.Release|Any CPU.Build.0 = Release|Any CPU
		{A47D2974-DE17-4613-B573-E69C6D2A848E}.Debug|Any CPU.ActiveCfg = Debug|Any CPU
		{A47D2974-DE17-4613-B573-E69C6D2A848E}.Debug|Any CPU.Build.0 = Debug|Any CPU
		{A47D2974-DE17-4613-B573-E69C6D2A848E}.Release|Any CPU.ActiveCfg = Release|Any CPU
		{A47D2974-DE17-4613-B573-E69C6D2A848E}.Release|Any CPU.Build.0 = Release|Any CPU
		{C5DE2927-DFD6-4546-8CBB-5D06F1516321}.Debug|Any CPU.ActiveCfg = Debug|Any CPU
		{C5DE2927-DFD6-4546-8CBB-5D06F1516321}.Debug|Any CPU.Build.0 = Debug|Any CPU
		{C5DE2927-DFD6-4546-8CBB-5D06F1516321}.Release|Any CPU.ActiveCfg = Release|Any CPU
		{C5DE2927-DFD6-4546-8CBB-5D06F1516321}.Release|Any CPU.Build.0 = Release|Any CPU
		{48EA9953-E330-41BF-ABEA-015B826AA55A}.Debug|Any CPU.ActiveCfg = Debug|Any CPU
		{48EA9953-E330-41BF-ABEA-015B826AA55A}.Debug|Any CPU.Build.0 = Debug|Any CPU
		{48EA9953-E330-41BF-ABEA-015B826AA55A}.Release|Any CPU.ActiveCfg = Release|Any CPU
		{48EA9953-E330-41BF-ABEA-015B826AA55A}.Release|Any CPU.Build.0 = Release|Any CPU
		{5BA40285-0E89-48DD-8D24-0D25A05835A3}.Debug|Any CPU.ActiveCfg = Debug|Any CPU
		{5BA40285-0E89-48DD-8D24-0D25A05835A3}.Debug|Any CPU.Build.0 = Debug|Any CPU
		{5BA40285-0E89-48DD-8D24-0D25A05835A3}.Release|Any CPU.ActiveCfg = Release|Any CPU
		{5BA40285-0E89-48DD-8D24-0D25A05835A3}.Release|Any CPU.Build.0 = Release|Any CPU
	EndGlobalSection
EndGlobal
