
Microsoft Visual Studio Solution File, Format Version 12.00
# Visual Studio Version 17
VisualStudioVersion = 17.2.32630.192
MinimumVisualStudioVersion = 10.0.40219.1
Project("{2150E333-8FDC-42A3-9474-1A3956D46DE8}") = "src", "src", "{C0E663BB-B9D0-49AA-BBEB-ECA748632007}"
EndProject
Project("{9A19103F-16F7-4668-BE54-9A1E7A4F7556}") = "DotNest.Core.SDK.Web", "src\DotNest.Core.SDK.Web\DotNest.Core.SDK.Web.csproj", "{F5884DA6-7351-475B-BEA4-0C831E0382AC}"
EndProject
Project("{2150E333-8FDC-42A3-9474-1A3956D46DE8}") = "Themes", "Themes", "{4415DF94-4550-45C4-85DA-2741284D2C01}"
EndProject
Project("{9A19103F-16F7-4668-BE54-9A1E7A4F7556}") = "Sample.Theme", "src\Themes\Sample.Theme\Sample.Theme.csproj", "{2A65FF2E-0C9C-4FEF-9136-B575141355AE}"
EndProject
Project("{2150E333-8FDC-42A3-9474-1A3956D46DE8}") = "Solution Items", "Solution Items", "{7C140F40-3A44-4A05-BD18-E59431FAD8BE}"
	ProjectSection(SolutionItems) = preProject
		License.md = License.md
		LombiqLicense.md = LombiqLicense.md
		NuGet.config = NuGet.config
		Readme.md = Readme.md
	EndProjectSection
EndProject
Project("{2150E333-8FDC-42A3-9474-1A3956D46DE8}") = ".github", ".github", "{7E3915D4-E24A-45FD-887C-3CB4F445C30B}"
EndProject
Project("{2150E333-8FDC-42A3-9474-1A3956D46DE8}") = "workflows", "workflows", "{190B979E-A5AB-42A4-85CE-8A94044706DF}"
	ProjectSection(SolutionItems) = preProject
		.github\workflows\build-and-test.yml = .github\workflows\build-and-test.yml
		.github\workflows\deploy-theme.yml = .github\workflows\deploy-theme.yml
	EndProjectSection
EndProject
Project("{9A19103F-16F7-4668-BE54-9A1E7A4F7556}") = "LettersFromFiume.Theme", "src\Themes\LettersFromFiume.Theme\LettersFromFiume.Theme.csproj", "{CF03AC33-7CCB-49C0-8700-DB1FF18E2E90}"
EndProject
Project("{2150E333-8FDC-42A3-9474-1A3956D46DE8}") = "test", "test", "{7BE78863-16CE-4AA3-8C46-7761183142DB}"
EndProject
Project("{9A19103F-16F7-4668-BE54-9A1E7A4F7556}") = "DotNest.Core.SDK.Tests.UI", "test\DotNest.Core.SDK.Tests.UI\DotNest.Core.SDK.Tests.UI.csproj", "{13764086-2125-4C44-AFC2-665AC3C89AC0}"
EndProject
Global
	GlobalSection(SolutionConfigurationPlatforms) = preSolution
		Debug|Any CPU = Debug|Any CPU
		Release|Any CPU = Release|Any CPU
	EndGlobalSection
	GlobalSection(ProjectConfigurationPlatforms) = postSolution
		{F5884DA6-7351-475B-BEA4-0C831E0382AC}.Debug|Any CPU.ActiveCfg = Debug|Any CPU
		{F5884DA6-7351-475B-BEA4-0C831E0382AC}.Debug|Any CPU.Build.0 = Debug|Any CPU
		{F5884DA6-7351-475B-BEA4-0C831E0382AC}.Release|Any CPU.ActiveCfg = Release|Any CPU
		{F5884DA6-7351-475B-BEA4-0C831E0382AC}.Release|Any CPU.Build.0 = Release|Any CPU
		{2A65FF2E-0C9C-4FEF-9136-B575141355AE}.Debug|Any CPU.ActiveCfg = Debug|Any CPU
		{2A65FF2E-0C9C-4FEF-9136-B575141355AE}.Debug|Any CPU.Build.0 = Debug|Any CPU
		{2A65FF2E-0C9C-4FEF-9136-B575141355AE}.Release|Any CPU.ActiveCfg = Release|Any CPU
		{2A65FF2E-0C9C-4FEF-9136-B575141355AE}.Release|Any CPU.Build.0 = Release|Any CPU
		{CF03AC33-7CCB-49C0-8700-DB1FF18E2E90}.Debug|Any CPU.ActiveCfg = Debug|Any CPU
		{CF03AC33-7CCB-49C0-8700-DB1FF18E2E90}.Debug|Any CPU.Build.0 = Debug|Any CPU
		{CF03AC33-7CCB-49C0-8700-DB1FF18E2E90}.Release|Any CPU.ActiveCfg = Release|Any CPU
		{CF03AC33-7CCB-49C0-8700-DB1FF18E2E90}.Release|Any CPU.Build.0 = Release|Any CPU
		{13764086-2125-4C44-AFC2-665AC3C89AC0}.Debug|Any CPU.ActiveCfg = Debug|Any CPU
		{13764086-2125-4C44-AFC2-665AC3C89AC0}.Debug|Any CPU.Build.0 = Debug|Any CPU
		{13764086-2125-4C44-AFC2-665AC3C89AC0}.Release|Any CPU.ActiveCfg = Release|Any CPU
		{13764086-2125-4C44-AFC2-665AC3C89AC0}.Release|Any CPU.Build.0 = Release|Any CPU
	EndGlobalSection
	GlobalSection(SolutionProperties) = preSolution
		HideSolutionNode = FALSE
	EndGlobalSection
	GlobalSection(NestedProjects) = preSolution
		{F5884DA6-7351-475B-BEA4-0C831E0382AC} = {C0E663BB-B9D0-49AA-BBEB-ECA748632007}
		{4415DF94-4550-45C4-85DA-2741284D2C01} = {C0E663BB-B9D0-49AA-BBEB-ECA748632007}
		{2A65FF2E-0C9C-4FEF-9136-B575141355AE} = {4415DF94-4550-45C4-85DA-2741284D2C01}
		{190B979E-A5AB-42A4-85CE-8A94044706DF} = {7E3915D4-E24A-45FD-887C-3CB4F445C30B}
		{13764086-2125-4C44-AFC2-665AC3C89AC0} = {7BE78863-16CE-4AA3-8C46-7761183142DB}
	EndGlobalSection
	GlobalSection(ExtensibilityGlobals) = postSolution
		SolutionGuid = {3E281D9A-C9FF-49D6-A7E7-192EB8DC0074}
	EndGlobalSection
EndGlobal
